
Microsoft Visual Studio Solution File, Format Version 12.00
# Visual Studio Version 17
VisualStudioVersion = 17.8.34330.188
MinimumVisualStudioVersion = 10.0.40219.1
Project("{FAE04EC0-301F-11D3-BF4B-00C04F79EFBC}") = "TestProjectOne", "TestProjectOne\TestProjectOne.csproj", "{4B082814-99BF-4425-9773-2E28212F4288}"
EndProject
Project("{FAE04EC0-301F-11D3-BF4B-00C04F79EFBC}") = "SignInLib", "SignInLib\SignInLib.csproj", "{777F274B-B947-40E2-8672-27A4476153C2}"
EndProject
Global
	GlobalSection(SolutionConfigurationPlatforms) = preSolution
		Debug|Any CPU = Debug|Any CPU
		Release|Any CPU = Release|Any CPU
	EndGlobalSection
	GlobalSection(ProjectConfigurationPlatforms) = postSolution
		{4B082814-99BF-4425-9773-2E28212F4288}.Debug|Any CPU.ActiveCfg = Debug|Any CPU
		{4B082814-99BF-4425-9773-2E28212F4288}.Debug|Any CPU.Build.0 = Debug|Any CPU
		{4B082814-99BF-4425-9773-2E28212F4288}.Release|Any CPU.ActiveCfg = Release|Any CPU
		{4B082814-99BF-4425-9773-2E28212F4288}.Release|Any CPU.Build.0 = Release|Any CPU
		{777F274B-B947-40E2-8672-27A4476153C2}.Debug|Any CPU.ActiveCfg = Debug|Any CPU
		{777F274B-B947-40E2-8672-27A4476153C2}.Debug|Any CPU.Build.0 = Debug|Any CPU
		{777F274B-B947-40E2-8672-27A4476153C2}.Release|Any CPU.ActiveCfg = Release|Any CPU
		{777F274B-B947-40E2-8672-27A4476153C2}.Release|Any CPU.Build.0 = Release|Any CPU
	EndGlobalSection
	GlobalSection(SolutionProperties) = preSolution
		HideSolutionNode = FALSE
	EndGlobalSection
	GlobalSection(ExtensibilityGlobals) = postSolution
		SolutionGuid = {6E23DEE9-7E2C-4612-BF27-05E640DD3779}
	EndGlobalSection
EndGlobal
